// !$*UTF8*$!
{
	archiveVersion = 1;
	classes = {
	};
	objectVersion = 55;
	objects = {

/* Begin PBXBuildFile section */
		88411AC1274B1D0800556EDA /* AppDelegate.swift in Sources */ = {isa = PBXBuildFile; fileRef = 88411AC0274B1D0800556EDA /* AppDelegate.swift */; };
		88411AC3274B1D0800556EDA /* SceneDelegate.swift in Sources */ = {isa = PBXBuildFile; fileRef = 88411AC2274B1D0800556EDA /* SceneDelegate.swift */; };
		88411AC5274B1D0800556EDA /* NotesNav.swift in Sources */ = {isa = PBXBuildFile; fileRef = 88411AC4274B1D0800556EDA /* NotesNav.swift */; };
		88411AC8274B1D0800556EDA /* Main.storyboard in Resources */ = {isa = PBXBuildFile; fileRef = 88411AC6274B1D0800556EDA /* Main.storyboard */; };
		88411ACB274B1D0800556EDA /* NotepadNWT.xcdatamodeld in Sources */ = {isa = PBXBuildFile; fileRef = 88411AC9274B1D0800556EDA /* NotepadNWT.xcdatamodeld */; };
		88411ACD274B1D0A00556EDA /* Assets.xcassets in Resources */ = {isa = PBXBuildFile; fileRef = 88411ACC274B1D0A00556EDA /* Assets.xcassets */; };
		88411AD0274B1D0A00556EDA /* LaunchScreen.storyboard in Resources */ = {isa = PBXBuildFile; fileRef = 88411ACE274B1D0A00556EDA /* LaunchScreen.storyboard */; };
		886F9291275011A90053F070 /* AboutThisApp.swift in Sources */ = {isa = PBXBuildFile; fileRef = 886F9290275011A90053F070 /* AboutThisApp.swift */; };
		886F9295275017550053F070 /* NotesList.swift in Sources */ = {isa = PBXBuildFile; fileRef = 886F9294275017550053F070 /* NotesList.swift */; };
		886F92982750190F0053F070 /* Helper.swift in Sources */ = {isa = PBXBuildFile; fileRef = 886F92972750190F0053F070 /* Helper.swift */; };
		886F929C27501ADE0053F070 /* Localizable.strings in Resources */ = {isa = PBXBuildFile; fileRef = 886F929E27501ADE0053F070 /* Localizable.strings */; };
		88AD032F274BA0700030B5BD /* CloudKit.framework in Frameworks */ = {isa = PBXBuildFile; fileRef = 88AD032E274BA0700030B5BD /* CloudKit.framework */; };
		88C8F383274B252F00AAF262 /* Preferences.swift in Sources */ = {isa = PBXBuildFile; fileRef = 88C8F382274B252F00AAF262 /* Preferences.swift */; };
		88C8F386274B27C000AAF262 /* DismissSegue.swift in Sources */ = {isa = PBXBuildFile; fileRef = 88C8F385274B27C000AAF262 /* DismissSegue.swift */; };
/* End PBXBuildFile section */

/* Begin PBXFileReference section */
		88411ABD274B1D0800556EDA /* NotepadNWT.app */ = {isa = PBXFileReference; explicitFileType = wrapper.application; includeInIndex = 0; path = NotepadNWT.app; sourceTree = BUILT_PRODUCTS_DIR; };
		88411AC0274B1D0800556EDA /* AppDelegate.swift */ = {isa = PBXFileReference; lastKnownFileType = sourcecode.swift; path = AppDelegate.swift; sourceTree = "<group>"; };
		88411AC2274B1D0800556EDA /* SceneDelegate.swift */ = {isa = PBXFileReference; lastKnownFileType = sourcecode.swift; path = SceneDelegate.swift; sourceTree = "<group>"; };
		88411AC4274B1D0800556EDA /* NotesNav.swift */ = {isa = PBXFileReference; lastKnownFileType = sourcecode.swift; path = NotesNav.swift; sourceTree = "<group>"; };
		88411AC7274B1D0800556EDA /* Base */ = {isa = PBXFileReference; lastKnownFileType = file.storyboard; name = Base; path = Base.lproj/Main.storyboard; sourceTree = "<group>"; };
		88411ACA274B1D0800556EDA /* NotepadNWT.xcdatamodel */ = {isa = PBXFileReference; lastKnownFileType = wrapper.xcdatamodel; path = NotepadNWT.xcdatamodel; sourceTree = "<group>"; };
		88411ACC274B1D0A00556EDA /* Assets.xcassets */ = {isa = PBXFileReference; lastKnownFileType = folder.assetcatalog; path = Assets.xcassets; sourceTree = "<group>"; };
		88411ACF274B1D0A00556EDA /* Base */ = {isa = PBXFileReference; lastKnownFileType = file.storyboard; name = Base; path = Base.lproj/LaunchScreen.storyboard; sourceTree = "<group>"; };
		88411AD1274B1D0A00556EDA /* Info.plist */ = {isa = PBXFileReference; lastKnownFileType = text.plist.xml; path = Info.plist; sourceTree = "<group>"; };
		886F928B275007D80053F070 /* de */ = {isa = PBXFileReference; lastKnownFileType = text.plist.strings; name = de; path = de.lproj/LaunchScreen.strings; sourceTree = "<group>"; };
		886F928F2750102D0053F070 /* de */ = {isa = PBXFileReference; lastKnownFileType = text.plist.strings; name = de; path = de.lproj/Main.strings; sourceTree = "<group>"; };
		886F9290275011A90053F070 /* AboutThisApp.swift */ = {isa = PBXFileReference; lastKnownFileType = sourcecode.swift; path = AboutThisApp.swift; sourceTree = "<group>"; };
		886F9293275012810053F070 /* en */ = {isa = PBXFileReference; lastKnownFileType = text.plist.strings; name = en; path = en.lproj/Main.strings; sourceTree = "<group>"; };
		886F9294275017550053F070 /* NotesList.swift */ = {isa = PBXFileReference; lastKnownFileType = sourcecode.swift; path = NotesList.swift; sourceTree = "<group>"; };
		886F92972750190F0053F070 /* Helper.swift */ = {isa = PBXFileReference; lastKnownFileType = sourcecode.swift; path = Helper.swift; sourceTree = "<group>"; };
		886F929D27501ADE0053F070 /* en */ = {isa = PBXFileReference; lastKnownFileType = text.plist.strings; name = en; path = en.lproj/Localizable.strings; sourceTree = "<group>"; };
		886F929F27501AE30053F070 /* de */ = {isa = PBXFileReference; lastKnownFileType = text.plist.strings; name = de; path = de.lproj/Localizable.strings; sourceTree = "<group>"; };
		88AD032C274BA0690030B5BD /* NotepadNWT.entitlements */ = {isa = PBXFileReference; lastKnownFileType = text.plist.entitlements; path = NotepadNWT.entitlements; sourceTree = "<group>"; };
		88AD032E274BA0700030B5BD /* CloudKit.framework */ = {isa = PBXFileReference; lastKnownFileType = wrapper.framework; name = CloudKit.framework; path = System/Library/Frameworks/CloudKit.framework; sourceTree = SDKROOT; };
		88C8F382274B252F00AAF262 /* Preferences.swift */ = {isa = PBXFileReference; fileEncoding = 4; lastKnownFileType = sourcecode.swift; path = Preferences.swift; sourceTree = "<group>"; };
		88C8F385274B27C000AAF262 /* DismissSegue.swift */ = {isa = PBXFileReference; lastKnownFileType = sourcecode.swift; path = DismissSegue.swift; sourceTree = "<group>"; };
/* End PBXFileReference section */

/* Begin PBXFrameworksBuildPhase section */
		88411ABA274B1D0800556EDA /* Frameworks */ = {
			isa = PBXFrameworksBuildPhase;
			buildActionMask = 2147483647;
			files = (
				88AD032F274BA0700030B5BD /* CloudKit.framework in Frameworks */,
			);
			runOnlyForDeploymentPostprocessing = 0;
		};
/* End PBXFrameworksBuildPhase section */

/* Begin PBXGroup section */
		88411AB4274B1D0800556EDA = {
			isa = PBXGroup;
			children = (
				88411ABF274B1D0800556EDA /* NotepadNWT */,
				88411ABE274B1D0800556EDA /* Products */,
				88AD032D274BA0700030B5BD /* Frameworks */,
			);
			sourceTree = "<group>";
		};
		88411ABE274B1D0800556EDA /* Products */ = {
			isa = PBXGroup;
			children = (
				88411ABD274B1D0800556EDA /* NotepadNWT.app */,
			);
			name = Products;
			sourceTree = "<group>";
		};
		88411ABF274B1D0800556EDA /* NotepadNWT */ = {
			isa = PBXGroup;
			children = (
				88AD0331274BA2760030B5BD /* Delegates */,
				88C8F37E274B241600AAF262 /* Model */,
				88C8F37C274B1DD200AAF262 /* Controllers */,
				88C8F37D274B1ED200AAF262 /* Views */,
				88C8F384274B27A300AAF262 /* Segues */,
				886F9296275018F30053F070 /* Helpers */,
				88AD0332274BA2910030B5BD /* Assets */,
				886F929927501A6A0053F070 /* Localizations */,
				88411AD1274B1D0A00556EDA /* Info.plist */,
				88AD032C274BA0690030B5BD /* NotepadNWT.entitlements */,
			);
			path = NotepadNWT;
			sourceTree = "<group>";
		};
		886F9296275018F30053F070 /* Helpers */ = {
			isa = PBXGroup;
			children = (
				886F92972750190F0053F070 /* Helper.swift */,
			);
			path = Helpers;
			sourceTree = "<group>";
		};
		886F929927501A6A0053F070 /* Localizations */ = {
			isa = PBXGroup;
			children = (
				886F929E27501ADE0053F070 /* Localizable.strings */,
			);
			path = Localizations;
			sourceTree = "<group>";
		};
		88AD032D274BA0700030B5BD /* Frameworks */ = {
			isa = PBXGroup;
			children = (
				88AD032E274BA0700030B5BD /* CloudKit.framework */,
			);
			name = Frameworks;
			sourceTree = "<group>";
		};
		88AD0331274BA2760030B5BD /* Delegates */ = {
			isa = PBXGroup;
			children = (
				88411AC0274B1D0800556EDA /* AppDelegate.swift */,
				88411AC2274B1D0800556EDA /* SceneDelegate.swift */,
			);
			path = Delegates;
			sourceTree = "<group>";
		};
		88AD0332274BA2910030B5BD /* Assets */ = {
			isa = PBXGroup;
			children = (
				88411ACC274B1D0A00556EDA /* Assets.xcassets */,
			);
			path = Assets;
			sourceTree = "<group>";
		};
		88C8F37C274B1DD200AAF262 /* Controllers */ = {
			isa = PBXGroup;
			children = (
				88411AC4274B1D0800556EDA /* NotesNav.swift */,
				886F9294275017550053F070 /* NotesList.swift */,
				88C8F382274B252F00AAF262 /* Preferences.swift */,
				886F9290275011A90053F070 /* AboutThisApp.swift */,
			);
			path = Controllers;
			sourceTree = "<group>";
		};
		88C8F37D274B1ED200AAF262 /* Views */ = {
			isa = PBXGroup;
			children = (
				88411AC6274B1D0800556EDA /* Main.storyboard */,
				88411ACE274B1D0A00556EDA /* LaunchScreen.storyboard */,
			);
			path = Views;
			sourceTree = "<group>";
		};
		88C8F37E274B241600AAF262 /* Model */ = {
			isa = PBXGroup;
			children = (
				88411AC9274B1D0800556EDA /* NotepadNWT.xcdatamodeld */,
			);
			path = Model;
			sourceTree = "<group>";
		};
		88C8F384274B27A300AAF262 /* Segues */ = {
			isa = PBXGroup;
			children = (
				88C8F385274B27C000AAF262 /* DismissSegue.swift */,
			);
			path = Segues;
			sourceTree = "<group>";
		};
/* End PBXGroup section */

/* Begin PBXNativeTarget section */
		88411ABC274B1D0800556EDA /* NotepadNWT */ = {
			isa = PBXNativeTarget;
			buildConfigurationList = 88411AD4274B1D0A00556EDA /* Build configuration list for PBXNativeTarget "NotepadNWT" */;
			buildPhases = (
				88411AB9274B1D0800556EDA /* Sources */,
				88411ABA274B1D0800556EDA /* Frameworks */,
				88411ABB274B1D0800556EDA /* Resources */,
			);
			buildRules = (
			);
			dependencies = (
			);
			name = NotepadNWT;
			productName = NotepadNWT;
			productReference = 88411ABD274B1D0800556EDA /* NotepadNWT.app */;
			productType = "com.apple.product-type.application";
		};
/* End PBXNativeTarget section */

/* Begin PBXProject section */
		88411AB5274B1D0800556EDA /* Project object */ = {
			isa = PBXProject;
			attributes = {
				BuildIndependentTargetsInParallel = 1;
				LastSwiftUpdateCheck = 1310;
				LastUpgradeCheck = 1310;
				TargetAttributes = {
					88411ABC274B1D0800556EDA = {
						CreatedOnToolsVersion = 13.1;
					};
				};
			};
			buildConfigurationList = 88411AB8274B1D0800556EDA /* Build configuration list for PBXProject "NotepadNWT" */;
			compatibilityVersion = "Xcode 13.0";
			developmentRegion = en;
			hasScannedForEncodings = 0;
			knownRegions = (
				en,
				Base,
				de,
			);
			mainGroup = 88411AB4274B1D0800556EDA;
			productRefGroup = 88411ABE274B1D0800556EDA /* Products */;
			projectDirPath = "";
			projectRoot = "";
			targets = (
				88411ABC274B1D0800556EDA /* NotepadNWT */,
			);
		};
/* End PBXProject section */

/* Begin PBXResourcesBuildPhase section */
		88411ABB274B1D0800556EDA /* Resources */ = {
			isa = PBXResourcesBuildPhase;
			buildActionMask = 2147483647;
			files = (
				88411AD0274B1D0A00556EDA /* LaunchScreen.storyboard in Resources */,
				886F929C27501ADE0053F070 /* Localizable.strings in Resources */,
				88411ACD274B1D0A00556EDA /* Assets.xcassets in Resources */,
				88411AC8274B1D0800556EDA /* Main.storyboard in Resources */,
			);
			runOnlyForDeploymentPostprocessing = 0;
		};
/* End PBXResourcesBuildPhase section */

/* Begin PBXSourcesBuildPhase section */
		88411AB9274B1D0800556EDA /* Sources */ = {
			isa = PBXSourcesBuildPhase;
			buildActionMask = 2147483647;
			files = (
				88411AC5274B1D0800556EDA /* NotesNav.swift in Sources */,
				886F9291275011A90053F070 /* AboutThisApp.swift in Sources */,
				88411AC1274B1D0800556EDA /* AppDelegate.swift in Sources */,
				88C8F383274B252F00AAF262 /* Preferences.swift in Sources */,
				88411AC3274B1D0800556EDA /* SceneDelegate.swift in Sources */,
				886F92982750190F0053F070 /* Helper.swift in Sources */,
				88411ACB274B1D0800556EDA /* NotepadNWT.xcdatamodeld in Sources */,
				88C8F386274B27C000AAF262 /* DismissSegue.swift in Sources */,
				886F9295275017550053F070 /* NotesList.swift in Sources */,
			);
			runOnlyForDeploymentPostprocessing = 0;
		};
/* End PBXSourcesBuildPhase section */

/* Begin PBXVariantGroup section */
		88411AC6274B1D0800556EDA /* Main.storyboard */ = {
			isa = PBXVariantGroup;
			children = (
				88411AC7274B1D0800556EDA /* Base */,
				886F928F2750102D0053F070 /* de */,
				886F9293275012810053F070 /* en */,
			);
			name = Main.storyboard;
			sourceTree = "<group>";
		};
		88411ACE274B1D0A00556EDA /* LaunchScreen.storyboard */ = {
			isa = PBXVariantGroup;
			children = (
				88411ACF274B1D0A00556EDA /* Base */,
				886F928B275007D80053F070 /* de */,
			);
			name = LaunchScreen.storyboard;
			sourceTree = "<group>";
		};
		886F929E27501ADE0053F070 /* Localizable.strings */ = {
			isa = PBXVariantGroup;
			children = (
				886F929D27501ADE0053F070 /* en */,
				886F929F27501AE30053F070 /* de */,
			);
			name = Localizable.strings;
			sourceTree = "<group>";
		};
/* End PBXVariantGroup section */

/* Begin XCBuildConfiguration section */
		88411AD2274B1D0A00556EDA /* Debug */ = {
			isa = XCBuildConfiguration;
			buildSettings = {
				ALWAYS_SEARCH_USER_PATHS = NO;
				CLANG_ANALYZER_LOCALIZABILITY_NONLOCALIZED = YES;
				CLANG_ANALYZER_NONNULL = YES;
				CLANG_ANALYZER_NUMBER_OBJECT_CONVERSION = YES_AGGRESSIVE;
				CLANG_CXX_LANGUAGE_STANDARD = "gnu++17";
				CLANG_CXX_LIBRARY = "libc++";
				CLANG_ENABLE_MODULES = YES;
				CLANG_ENABLE_OBJC_ARC = YES;
				CLANG_ENABLE_OBJC_WEAK = YES;
				CLANG_WARN_BLOCK_CAPTURE_AUTORELEASING = YES;
				CLANG_WARN_BOOL_CONVERSION = YES;
				CLANG_WARN_COMMA = YES;
				CLANG_WARN_CONSTANT_CONVERSION = YES;
				CLANG_WARN_DEPRECATED_OBJC_IMPLEMENTATIONS = YES;
				CLANG_WARN_DIRECT_OBJC_ISA_USAGE = YES_ERROR;
				CLANG_WARN_DOCUMENTATION_COMMENTS = YES;
				CLANG_WARN_EMPTY_BODY = YES;
				CLANG_WARN_ENUM_CONVERSION = YES;
				CLANG_WARN_INFINITE_RECURSION = YES;
				CLANG_WARN_INT_CONVERSION = YES;
				CLANG_WARN_NON_LITERAL_NULL_CONVERSION = YES;
				CLANG_WARN_OBJC_IMPLICIT_RETAIN_SELF = YES;
				CLANG_WARN_OBJC_LITERAL_CONVERSION = YES;
				CLANG_WARN_OBJC_ROOT_CLASS = YES_ERROR;
				CLANG_WARN_QUOTED_INCLUDE_IN_FRAMEWORK_HEADER = YES;
				CLANG_WARN_RANGE_LOOP_ANALYSIS = YES;
				CLANG_WARN_STRICT_PROTOTYPES = YES;
				CLANG_WARN_SUSPICIOUS_MOVE = YES;
				CLANG_WARN_UNGUARDED_AVAILABILITY = YES_AGGRESSIVE;
				CLANG_WARN_UNREACHABLE_CODE = YES;
				CLANG_WARN__DUPLICATE_METHOD_MATCH = YES;
				COPY_PHASE_STRIP = NO;
				DEBUG_INFORMATION_FORMAT = dwarf;
				ENABLE_STRICT_OBJC_MSGSEND = YES;
				ENABLE_TESTABILITY = YES;
				GCC_C_LANGUAGE_STANDARD = gnu11;
				GCC_DYNAMIC_NO_PIC = NO;
				GCC_NO_COMMON_BLOCKS = YES;
				GCC_OPTIMIZATION_LEVEL = 0;
				GCC_PREPROCESSOR_DEFINITIONS = (
					"DEBUG=1",
					"$(inherited)",
				);
				GCC_WARN_64_TO_32_BIT_CONVERSION = YES;
				GCC_WARN_ABOUT_RETURN_TYPE = YES_ERROR;
				GCC_WARN_UNDECLARED_SELECTOR = YES;
				GCC_WARN_UNINITIALIZED_AUTOS = YES_AGGRESSIVE;
				GCC_WARN_UNUSED_FUNCTION = YES;
				GCC_WARN_UNUSED_VARIABLE = YES;
				IPHONEOS_DEPLOYMENT_TARGET = 13.0;
				MTL_ENABLE_DEBUG_INFO = INCLUDE_SOURCE;
				MTL_FAST_MATH = YES;
				ONLY_ACTIVE_ARCH = YES;
				SDKROOT = iphoneos;
				SWIFT_ACTIVE_COMPILATION_CONDITIONS = DEBUG;
				SWIFT_OPTIMIZATION_LEVEL = "-Onone";
			};
			name = Debug;
		};
		88411AD3274B1D0A00556EDA /* Release */ = {
			isa = XCBuildConfiguration;
			buildSettings = {
				ALWAYS_SEARCH_USER_PATHS = NO;
				CLANG_ANALYZER_LOCALIZABILITY_NONLOCALIZED = YES;
				CLANG_ANALYZER_NONNULL = YES;
				CLANG_ANALYZER_NUMBER_OBJECT_CONVERSION = YES_AGGRESSIVE;
				CLANG_CXX_LANGUAGE_STANDARD = "gnu++17";
				CLANG_CXX_LIBRARY = "libc++";
				CLANG_ENABLE_MODULES = YES;
				CLANG_ENABLE_OBJC_ARC = YES;
				CLANG_ENABLE_OBJC_WEAK = YES;
				CLANG_WARN_BLOCK_CAPTURE_AUTORELEASING = YES;
				CLANG_WARN_BOOL_CONVERSION = YES;
				CLANG_WARN_COMMA = YES;
				CLANG_WARN_CONSTANT_CONVERSION = YES;
				CLANG_WARN_DEPRECATED_OBJC_IMPLEMENTATIONS = YES;
				CLANG_WARN_DIRECT_OBJC_ISA_USAGE = YES_ERROR;
				CLANG_WARN_DOCUMENTATION_COMMENTS = YES;
				CLANG_WARN_EMPTY_BODY = YES;
				CLANG_WARN_ENUM_CONVERSION = YES;
				CLANG_WARN_INFINITE_RECURSION = YES;
				CLANG_WARN_INT_CONVERSION = YES;
				CLANG_WARN_NON_LITERAL_NULL_CONVERSION = YES;
				CLANG_WARN_OBJC_IMPLICIT_RETAIN_SELF = YES;
				CLANG_WARN_OBJC_LITERAL_CONVERSION = YES;
				CLANG_WARN_OBJC_ROOT_CLASS = YES_ERROR;
				CLANG_WARN_QUOTED_INCLUDE_IN_FRAMEWORK_HEADER = YES;
				CLANG_WARN_RANGE_LOOP_ANALYSIS = YES;
				CLANG_WARN_STRICT_PROTOTYPES = YES;
				CLANG_WARN_SUSPICIOUS_MOVE = YES;
				CLANG_WARN_UNGUARDED_AVAILABILITY = YES_AGGRESSIVE;
				CLANG_WARN_UNREACHABLE_CODE = YES;
				CLANG_WARN__DUPLICATE_METHOD_MATCH = YES;
				COPY_PHASE_STRIP = NO;
				DEBUG_INFORMATION_FORMAT = "dwarf-with-dsym";
				ENABLE_NS_ASSERTIONS = NO;
				ENABLE_STRICT_OBJC_MSGSEND = YES;
				GCC_C_LANGUAGE_STANDARD = gnu11;
				GCC_NO_COMMON_BLOCKS = YES;
				GCC_WARN_64_TO_32_BIT_CONVERSION = YES;
				GCC_WARN_ABOUT_RETURN_TYPE = YES_ERROR;
				GCC_WARN_UNDECLARED_SELECTOR = YES;
				GCC_WARN_UNINITIALIZED_AUTOS = YES_AGGRESSIVE;
				GCC_WARN_UNUSED_FUNCTION = YES;
				GCC_WARN_UNUSED_VARIABLE = YES;
				IPHONEOS_DEPLOYMENT_TARGET = 13.0;
				MTL_ENABLE_DEBUG_INFO = NO;
				MTL_FAST_MATH = YES;
				SDKROOT = iphoneos;
				SWIFT_COMPILATION_MODE = wholemodule;
				SWIFT_OPTIMIZATION_LEVEL = "-O";
				VALIDATE_PRODUCT = YES;
			};
			name = Release;
		};
		88411AD5274B1D0A00556EDA /* Debug */ = {
			isa = XCBuildConfiguration;
			buildSettings = {
				ASSETCATALOG_COMPILER_APPICON_NAME = AppIcon;
				ASSETCATALOG_COMPILER_GLOBAL_ACCENT_COLOR_NAME = AccentColor;
				CODE_SIGN_ENTITLEMENTS = NotepadNWT/NotepadNWT.entitlements;
				CODE_SIGN_STYLE = Automatic;
				CURRENT_PROJECT_VERSION = 2;
				DEVELOPMENT_TEAM = 66HDPLX98Z;
				GENERATE_INFOPLIST_FILE = YES;
				INFOPLIST_FILE = NotepadNWT/Info.plist;
				INFOPLIST_KEY_UIApplicationSupportsIndirectInputEvents = YES;
				INFOPLIST_KEY_UILaunchStoryboardName = LaunchScreen;
				INFOPLIST_KEY_UIMainStoryboardFile = Main;
				INFOPLIST_KEY_UISupportedInterfaceOrientations = UIInterfaceOrientationPortrait;
				INFOPLIST_KEY_UISupportedInterfaceOrientations_iPad = "UIInterfaceOrientationPortrait UIInterfaceOrientationPortraitUpsideDown UIInterfaceOrientationLandscapeLeft UIInterfaceOrientationLandscapeRight";
				INFOPLIST_KEY_UISupportedInterfaceOrientations_iPhone = "UIInterfaceOrientationPortrait UIInterfaceOrientationLandscapeLeft UIInterfaceOrientationLandscapeRight";
				IPHONEOS_DEPLOYMENT_TARGET = 13.0;
				LD_RUNPATH_SEARCH_PATHS = (
					"$(inherited)",
					"@executable_path/Frameworks",
				);
				MARKETING_VERSION = 0.1.1;
				PRODUCT_BUNDLE_IDENTIFIER = net.mynetx.NotepadNWT;
				PRODUCT_NAME = "$(TARGET_NAME)";
				SWIFT_EMIT_LOC_STRINGS = YES;
				SWIFT_VERSION = 5.0;
				TARGETED_DEVICE_FAMILY = "1,2";
			};
			name = Debug;
		};
		88411AD6274B1D0A00556EDA /* Release */ = {
			isa = XCBuildConfiguration;
			buildSettings = {
				ASSETCATALOG_COMPILER_APPICON_NAME = AppIcon;
				ASSETCATALOG_COMPILER_GLOBAL_ACCENT_COLOR_NAME = AccentColor;
				CODE_SIGN_ENTITLEMENTS = NotepadNWT/NotepadNWT.entitlements;
				CODE_SIGN_STYLE = Automatic;
				CURRENT_PROJECT_VERSION = 2;
				DEVELOPMENT_TEAM = 66HDPLX98Z;
				GENERATE_INFOPLIST_FILE = YES;
				INFOPLIST_FILE = NotepadNWT/Info.plist;
				INFOPLIST_KEY_UIApplicationSupportsIndirectInputEvents = YES;
				INFOPLIST_KEY_UILaunchStoryboardName = LaunchScreen;
				INFOPLIST_KEY_UIMainStoryboardFile = Main;
				INFOPLIST_KEY_UISupportedInterfaceOrientations = UIInterfaceOrientationPortrait;
				INFOPLIST_KEY_UISupportedInterfaceOrientations_iPad = "UIInterfaceOrientationPortrait UIInterfaceOrientationPortraitUpsideDown UIInterfaceOrientationLandscapeLeft UIInterfaceOrientationLandscapeRight";
				INFOPLIST_KEY_UISupportedInterfaceOrientations_iPhone = "UIInterfaceOrientationPortrait UIInterfaceOrientationLandscapeLeft UIInterfaceOrientationLandscapeRight";
				IPHONEOS_DEPLOYMENT_TARGET = 13.0;
				LD_RUNPATH_SEARCH_PATHS = (
					"$(inherited)",
					"@executable_path/Frameworks",
				);
				MARKETING_VERSION = 0.1.1;
				PRODUCT_BUNDLE_IDENTIFIER = net.mynetx.NotepadNWT;
				PRODUCT_NAME = "$(TARGET_NAME)";
				SWIFT_EMIT_LOC_STRINGS = YES;
				SWIFT_VERSION = 5.0;
				TARGETED_DEVICE_FAMILY = "1,2";
			};
			name = Release;
		};
/* End XCBuildConfiguration section */

/* Begin XCConfigurationList section */
		88411AB8274B1D0800556EDA /* Build configuration list for PBXProject "NotepadNWT" */ = {
			isa = XCConfigurationList;
			buildConfigurations = (
				88411AD2274B1D0A00556EDA /* Debug */,
				88411AD3274B1D0A00556EDA /* Release */,
			);
			defaultConfigurationIsVisible = 0;
			defaultConfigurationName = Release;
		};
		88411AD4274B1D0A00556EDA /* Build configuration list for PBXNativeTarget "NotepadNWT" */ = {
			isa = XCConfigurationList;
			buildConfigurations = (
				88411AD5274B1D0A00556EDA /* Debug */,
				88411AD6274B1D0A00556EDA /* Release */,
			);
			defaultConfigurationIsVisible = 0;
			defaultConfigurationName = Release;
		};
/* End XCConfigurationList section */

/* Begin XCVersionGroup section */
		88411AC9274B1D0800556EDA /* NotepadNWT.xcdatamodeld */ = {
			isa = XCVersionGroup;
			children = (
				88411ACA274B1D0800556EDA /* NotepadNWT.xcdatamodel */,
			);
			currentVersion = 88411ACA274B1D0800556EDA /* NotepadNWT.xcdatamodel */;
			path = NotepadNWT.xcdatamodeld;
			sourceTree = "<group>";
			versionGroupType = wrapper.xcdatamodel;
		};
/* End XCVersionGroup section */
	};
	rootObject = 88411AB5274B1D0800556EDA /* Project object */;
}
